
Microsoft Visual Studio Solution File, Format Version 12.00
# Visual Studio Version 16
VisualStudioVersion = 16.0.33214.272
MinimumVisualStudioVersion = 10.0.40219.1
Project("{FAE04EC0-301F-11D3-BF4B-00C04F79EFBC}") = "WFDemo1", "WFDemo1.csproj", "{0372586A-7ABE-4A9F-9EF0-708D2EFA100E}"
EndProject
Global
	GlobalSection(SolutionConfigurationPlatforms) = preSolution
		Debug|Any CPU = Debug|Any CPU
		Release|Any CPU = Release|Any CPU
	EndGlobalSection
	GlobalSection(ProjectConfigurationPlatforms) = postSolution
		{0372586A-7ABE-4A9F-9EF0-708D2EFA100E}.Debug|Any CPU.ActiveCfg = Debug|Any CPU
		{0372586A-7ABE-4A9F-9EF0-708D2EFA100E}.Debug|Any CPU.Build.0 = Debug|Any CPU
		{0372586A-7ABE-4A9F-9EF0-708D2EFA100E}.Release|Any CPU.ActiveCfg = Release|Any CPU
		{0372586A-7ABE-4A9F-9EF0-708D2EFA100E}.Release|Any CPU.Build.0 = Release|Any CPU
	EndGlobalSection
	GlobalSection(SolutionProperties) = preSolution
		HideSolutionNode = FALSE
	EndGlobalSection
	GlobalSection(ExtensibilityGlobals) = postSolution
		SolutionGuid = {D72455AA-BABE-4220-9866-E83F80498EBF}
	EndGlobalSection
EndGlobal
